{
  "name": "lesson3task1",
  "version": "1.0.0",
  "lockfileVersion": 2,
  "requires": true,
  "packages": {
    "": {
      "name": "lesson3task1",
      "version": "1.0.0",
      "license": "ISC",
      "dependencies": {
        "@tanyashtatnykh/lesson3ajs": "^1.0.0"
      }
    },
    "node_modules/@tanyashtatnykh/lesson3ajs": {
      "version": "1.0.0",
      "resolved": "https://npm.pkg.github.com/download/@tanyashtatnykh/lesson3ajs/1.0.0/2905e86f536e9bbace0b2894b7cadca89a2a608b",
      "integrity": "sha512-xLKiMgCHCmBMCw10Knuf4r3YtUnPAuI3KJmSHftQCsplublzv7jCCFsiXzMzrB3hbsh2cXTVPjYo3qUKwyzrmg==",
      "license": "ISC"
    }
  },
  "dependencies": {
    "@tanyashtatnykh/lesson3ajs": {
      "version": "1.0.0",
      "resolved": "https://npm.pkg.github.com/download/@tanyashtatnykh/lesson3ajs/1.0.0/2905e86f536e9bbace0b2894b7cadca89a2a608b",
      "integrity": "sha512-xLKiMgCHCmBMCw10Knuf4r3YtUnPAuI3KJmSHftQCsplublzv7jCCFsiXzMzrB3hbsh2cXTVPjYo3qUKwyzrmg=="
    }
  }
}
